
Microsoft Visual Studio Solution File, Format Version 12.00
# Visual Studio 14
VisualStudioVersion = 14.0.25420.1
MinimumVisualStudioVersion = 10.0.40219.1
Project("{FAE04EC0-301F-11D3-BF4B-00C04F79EFBC}") = "EEGLogger", "EEGLogger\EEGLogger.csproj", "{EF98366A-15F8-47AF-80F9-A2A11CAA7257}"
EndProject
Project("{FAE04EC0-301F-11D3-BF4B-00C04F79EFBC}") = "MotionLogger", "MotionLogger\MotionLogger.csproj", "{2B7579BD-A133-4521-9121-9478CD6E6484}"
EndProject
Project("{FAE04EC0-301F-11D3-BF4B-00C04F79EFBC}") = "CortexAccess", "CortexAccess\CortexAccess.csproj", "{83E06D8B-C6C9-43E5-AE5D-CA1B2388EF1E}"
EndProject
Global
	GlobalSection(SolutionConfigurationPlatforms) = preSolution
		Debug_Ubuntu|Any CPU = Debug_Ubuntu|Any CPU
		Debug|Any CPU = Debug|Any CPU
		Release_Ubuntu|Any CPU = Release_Ubuntu|Any CPU
		Release|Any CPU = Release|Any CPU
	EndGlobalSection
	GlobalSection(ProjectConfigurationPlatforms) = postSolution
		{EF98366A-15F8-47AF-80F9-A2A11CAA7257}.Debug_Ubuntu|Any CPU.ActiveCfg = Debug|Any CPU
		{EF98366A-15F8-47AF-80F9-A2A11CAA7257}.Debug_Ubuntu|Any CPU.Build.0 = Debug|Any CPU
		{EF98366A-15F8-47AF-80F9-A2A11CAA7257}.Debug|Any CPU.ActiveCfg = Debug|Any CPU
		{EF98366A-15F8-47AF-80F9-A2A11CAA7257}.Debug|Any CPU.Build.0 = Debug|Any CPU
		{EF98366A-15F8-47AF-80F9-A2A11CAA7257}.Release_Ubuntu|Any CPU.ActiveCfg = Release|Any CPU
		{EF98366A-15F8-47AF-80F9-A2A11CAA7257}.Release_Ubuntu|Any CPU.Build.0 = Release|Any CPU
		{EF98366A-15F8-47AF-80F9-A2A11CAA7257}.Release|Any CPU.ActiveCfg = Release|Any CPU
		{EF98366A-15F8-47AF-80F9-A2A11CAA7257}.Release|Any CPU.Build.0 = Release|Any CPU
		{2B7579BD-A133-4521-9121-9478CD6E6484}.Debug_Ubuntu|Any CPU.ActiveCfg = Debug|Any CPU
		{2B7579BD-A133-4521-9121-9478CD6E6484}.Debug_Ubuntu|Any CPU.Build.0 = Debug|Any CPU
		{2B7579BD-A133-4521-9121-9478CD6E6484}.Debug|Any CPU.ActiveCfg = Debug|Any CPU
		{2B7579BD-A133-4521-9121-9478CD6E6484}.Debug|Any CPU.Build.0 = Debug|Any CPU
		{2B7579BD-A133-4521-9121-9478CD6E6484}.Release_Ubuntu|Any CPU.ActiveCfg = Release|Any CPU
		{2B7579BD-A133-4521-9121-9478CD6E6484}.Release_Ubuntu|Any CPU.Build.0 = Release|Any CPU
		{2B7579BD-A133-4521-9121-9478CD6E6484}.Release|Any CPU.ActiveCfg = Release|Any CPU
		{2B7579BD-A133-4521-9121-9478CD6E6484}.Release|Any CPU.Build.0 = Release|Any CPU
		{83E06D8B-C6C9-43E5-AE5D-CA1B2388EF1E}.Debug_Ubuntu|Any CPU.ActiveCfg = Debug|Any CPU
		{83E06D8B-C6C9-43E5-AE5D-CA1B2388EF1E}.Debug_Ubuntu|Any CPU.Build.0 = Debug|Any CPU
		{83E06D8B-C6C9-43E5-AE5D-CA1B2388EF1E}.Debug|Any CPU.ActiveCfg = Debug|Any CPU
		{83E06D8B-C6C9-43E5-AE5D-CA1B2388EF1E}.Debug|Any CPU.Build.0 = Debug|Any CPU
		{83E06D8B-C6C9-43E5-AE5D-CA1B2388EF1E}.Release_Ubuntu|Any CPU.ActiveCfg = Release|Any CPU
		{83E06D8B-C6C9-43E5-AE5D-CA1B2388EF1E}.Release_Ubuntu|Any CPU.Build.0 = Release|Any CPU
		{83E06D8B-C6C9-43E5-AE5D-CA1B2388EF1E}.Release|Any CPU.ActiveCfg = Release|Any CPU
		{83E06D8B-C6C9-43E5-AE5D-CA1B2388EF1E}.Release|Any CPU.Build.0 = Release|Any CPU
	EndGlobalSection
	GlobalSection(SolutionProperties) = preSolution
		HideSolutionNode = FALSE
	EndGlobalSection
EndGlobal
